dependencies:
  copy-webpack-plugin: 5.0.3
lockfileVersion: 5
packages:
  /ajv-errors/1.0.1_ajv@6.10.0:
    dependencies:
      ajv: 6.10.0
    dev: false
    peerDependencies:
      ajv: '>=5.0.0'
    resolution:
      integrity: sha512-DCRfO/4nQ+89p/RK43i8Ezd41EqdGIU4ld7nGF8OQ14oc/we5rEntLCUa7+jrn3nn83BosfwZA0wb4pon2o8iQ==
  /ajv-keywords/3.4.0_ajv@6.10.0:
    dependencies:
      ajv: 6.10.0
    dev: false
    peerDependencies:
      ajv: ^6.9.1
    resolution:
      integrity: sha512-aUjdRFISbuFOl0EIZc+9e4FfZp0bDZgAdOOf30bJmw8VM9v84SHyVyxDfbWxpGYbdZD/9XoKxfHVNmxPkhwyGw==
  /ajv/6.10.0:
    dependencies:
      fast-deep-equal: 2.0.1
      fast-json-stable-stringify: 2.0.0
      json-schema-traverse: 0.4.1
      uri-js: 4.2.2
    dev: false
    resolution:
      integrity: sha512-nffhOpkymDECQyR0mnsUtoCE8RlX38G0rYP+wgLWFyZuUyuuojSSvi/+euOiQBIn63whYwYVIIH1TvE3tu4OEg==
  /ansi-colors/3.2.4:
    dev: false
    engines:
      node: '>=6'
    resolution:
      integrity: sha512-hHUXGagefjN2iRrID63xckIvotOXOojhQKWIPUZ4mNUZ9nLZW+7FMNoE1lOkEhNWYsx/7ysGIuJYCiMAA9FnrA==
  /aproba/1.2.0:
    dev: false
    resolution:
      integrity: sha512-Y9J6ZjXtoYh8RnXVCMOU/ttDmk1aBjunq9vO0ta5x85WDQiQfUF9sIPBITdbiiIVcBo03Hi3jMxigBtsddlXRw==
  /array-union/1.0.2:
    dependencies:
      array-uniq: 1.0.3
    dev: false
    engines:
      node: '>=0.10.0'
    resolution:
      integrity: sha1-mjRBDk9OPaI96jdb5b5w8kd47Dk=
  /array-uniq/1.0.3:
    dev: false
    engines:
      node: '>=0.10.0'
    resolution:
      integrity: sha1-r2rId6Jcx/dOBYiUdThY39sk/bY=
  /balanced-match/1.0.0:
    dev: false
    resolution:
      integrity: sha1-ibTRmasr7kneFk6gK4nORi1xt2c=
  /big.js/5.2.2:
    dev: false
    resolution:
      integrity: sha512-vyL2OymJxmarO8gxMr0mhChsO9QGwhynfuu4+MHTAW6czfq9humCB7rKpUjDd9YUiDPU4mzpyupFSvOClAwbmQ==
  /bluebird/3.5.4:
    dev: false
    resolution:
      integrity: sha512-FG+nFEZChJrbQ9tIccIfZJBz3J7mLrAhxakAbnrJWn8d7aKOC+LWifa0G+p4ZqKp4y13T7juYvdhq9NzKdsrjw==
  /brace-expansion/1.1.11:
    dependencies:
      balanced-match: 1.0.0
      concat-map: 0.0.1
    dev: false
    resolution:
      integrity: sha512-iCuPHDFgrHX7H2vEI/5xpz07zSHB00TpugqhmYtVmMO6518mCuRMoOYFldEBl0g187ufozdaHgWKcYFb61qGiA==
  /buffer-from/1.1.1:
    dev: false
    resolution:
      integrity: sha512-MQcXEUbCKtEo7bhqEs6560Hyd4XaovZlO/k9V3hjVUF/zwW7KBVdSK4gIt/bzwS9MbR5qob+F5jusZsb0YQK2A==
  /cacache/11.3.2:
    dependencies:
      bluebird: 3.5.4
      chownr: 1.1.1
      figgy-pudding: 3.5.1
      glob: 7.1.4
      graceful-fs: 4.1.15
      lru-cache: 5.1.1
      mississippi: 3.0.0
      mkdirp: 0.5.1
      move-concurrently: 1.0.1
      promise-inflight: 1.0.1
      rimraf: 2.6.3
      ssri: 6.0.1
      unique-filename: 1.1.1
      y18n: 4.0.0
    dev: false
    resolution:
      integrity: sha512-E0zP4EPGDOaT2chM08Als91eYnf8Z+eH1awwwVsngUmgppfM5jjJ8l3z5vO5p5w/I3LsiXawb1sW0VY65pQABg==
  /chownr/1.1.1:
    dev: false
    resolution:
      integrity: sha512-j38EvO5+LHX84jlo6h4UzmOwi0UgW61WRyPtJz4qaadK5eY3BTS5TY/S1Stc3Uk2lIM6TPevAlULiEJwie860g==
  /commondir/1.0.1:
    dev: false
    resolution:
      integrity: sha1-3dgA2gxmEnOTzKWVDqloo6rxJTs=
  /concat-map/0.0.1:
    dev: false
    resolution:
      integrity: sha1-2Klr13/Wjfd5OnMDajug1UBdR3s=
  /concat-stream/1.6.2:
    dependencies:
      buffer-from: 1.1.1
      inherits: 2.0.3
      readable-stream: 2.3.6
      typedarray: 0.0.6
    dev: false
    engines:
      '0': node >= 0.8
    resolution:
      integrity: sha512-27HBghJxjiZtIk3Ycvn/4kbJk/1uZuJFfuPEns6LaEvpvG1f0hTea8lilrouyo9mVc2GWdcEZ8OLoGmSADlrCw==
  /copy-concurrently/1.0.5:
    dependencies:
      aproba: 1.2.0
      fs-write-stream-atomic: 1.0.10
      iferr: 0.1.5
      mkdirp: 0.5.1
      rimraf: 2.6.3
      run-queue: 1.0.3
    dev: false
    resolution:
      integrity: sha512-f2domd9fsVDFtaFcbaRZuYXwtdmnzqbADSwhSWYxYB/Q8zsdUUFMXVRwXGDMWmbEzAn1kdRrtI1T/KTFOL4X2A==
  /copy-webpack-plugin/5.0.3:
    dependencies:
      cacache: 11.3.2
      find-cache-dir: 2.1.0
      glob-parent: 3.1.0
      globby: 7.1.1
      is-glob: 4.0.1
      loader-utils: 1.2.3
      minimatch: 3.0.4
      normalize-path: 3.0.0
      p-limit: 2.2.0
      schema-utils: 1.0.0
      serialize-javascript: 1.7.0
      webpack-log: 2.0.0
    dev: false
    engines:
      node: '>= 6.9.0'
    peerDependencies:
      webpack: ^4.0.0
    resolution:
      integrity: sha512-PlZRs9CUMnAVylZq+vg2Juew662jWtwOXOqH4lbQD9ZFhRG9R7tVStOgHt21CBGVq7k5yIJaz8TXDLSjV+Lj8Q==
  /core-util-is/1.0.2:
    dev: false
    resolution:
      integrity: sha1-tf1UIgqivFq1eqtxQMlAdUUDwac=
  /cyclist/0.2.2:
    dev: false
    resolution:
      integrity: sha1-GzN5LhHpFKL9bW7WRHRkRE5fpkA=
  /dir-glob/2.2.2:
    dependencies:
      path-type: 3.0.0
    dev: false
    engines:
      node: '>=4'
    resolution:
      integrity: sha512-f9LBi5QWzIW3I6e//uxZoLBlUt9kcp66qo0sSCxL6YZKc75R1c4MFCoe/LaZiBGmgujvQdxc5Bn3QhfyvK5Hsw==
  /duplexify/3.7.1:
    dependencies:
      end-of-stream: 1.4.1
      inherits: 2.0.3
      readable-stream: 2.3.6
      stream-shift: 1.0.0
    dev: false
    resolution:
      integrity: sha512-07z8uv2wMyS51kKhD1KsdXJg5WQ6t93RneqRxUHnskXVtlYYkLqM0gqStQZ3pj073g687jPCHrqNfCzawLYh5g==
  /emojis-list/2.1.0:
    dev: false
    engines:
      node: '>= 0.10'
    resolution:
      integrity: sha1-TapNnbAPmBmIDHn6RXrlsJof04k=
  /end-of-stream/1.4.1:
    dependencies:
      once: 1.4.0
    dev: false
    resolution:
      integrity: sha512-1MkrZNvWTKCaigbn+W15elq2BB/L22nqrSY5DKlo3X6+vclJm8Bb5djXJBmEX6fS3+zCh/F4VBK5Z2KxJt4s2Q==
  /fast-deep-equal/2.0.1:
    dev: false
    resolution:
      integrity: sha1-ewUhjd+WZ79/Nwv3/bLLFf3Qqkk=
  /fast-json-stable-stringify/2.0.0:
    dev: false
    resolution:
      integrity: sha1-1RQsDK7msRifh9OnYREGT4bIu/I=
  /figgy-pudding/3.5.1:
    dev: false
    resolution:
      integrity: sha512-vNKxJHTEKNThjfrdJwHc7brvM6eVevuO5nTj6ez8ZQ1qbXTvGthucRF7S4vf2cr71QVnT70V34v0S1DyQsti0w==
  /find-cache-dir/2.1.0:
    dependencies:
      commondir: 1.0.1
      make-dir: 2.1.0
      pkg-dir: 3.0.0
    dev: false
    engines:
      node: '>=6'
    resolution:
      integrity: sha512-Tq6PixE0w/VMFfCgbONnkiQIVol/JJL7nRMi20fqzA4NRs9AfeqMGeRdPi3wIhYkxjeBaWh2rxwapn5Tu3IqOQ==
  /find-up/3.0.0:
    dependencies:
      locate-path: 3.0.0
    dev: false
    engines:
      node: '>=6'
    resolution:
      integrity: sha512-1yD6RmLI1XBfxugvORwlck6f75tYL+iR0jqwsOrOxMZyGYqUuDhJ0l4AXdO1iX/FTs9cBAMEk1gWSEx1kSbylg==
  /flush-write-stream/1.1.1:
    dependencies:
      inherits: 2.0.3
      readable-stream: 2.3.6
    dev: false
    resolution:
      integrity: sha512-3Z4XhFZ3992uIq0XOqb9AreonueSYphE6oYbpt5+3u06JWklbsPkNv3ZKkP9Bz/r+1MWCaMoSQ28P85+1Yc77w==
  /from2/2.3.0:
    dependencies:
      inherits: 2.0.3
      readable-stream: 2.3.6
    dev: false
    resolution:
      integrity: sha1-i/tVAr3kpNNs/e6gB/zKIdfjgq8=
  /fs-write-stream-atomic/1.0.10:
    dependencies:
      graceful-fs: 4.1.15
      iferr: 0.1.5
      imurmurhash: 0.1.4
      readable-stream: 2.3.6
    dev: false
    resolution:
      integrity: sha1-tH31NJPvkR33VzHnCp3tAYnbQMk=
  /fs.realpath/1.0.0:
    dev: false
    resolution:
      integrity: sha1-FQStJSMVjKpA20onh8sBQRmU6k8=
  /glob-parent/3.1.0:
    dependencies:
      is-glob: 3.1.0
      path-dirname: 1.0.2
    dev: false
    resolution:
      integrity: sha1-nmr2KZ2NO9K9QEMIMr0RPfkGxa4=
  /glob/7.1.4:
    dependencies:
      fs.realpath: 1.0.0
      inflight: 1.0.6
      inherits: 2.0.3
      minimatch: 3.0.4
      once: 1.4.0
      path-is-absolute: 1.0.1
    dev: false
    resolution:
      integrity: sha512-hkLPepehmnKk41pUGm3sYxoFs/umurYfYJCerbXEyFIWcAzvpipAgVkBqqT9RBKMGjnq6kMuyYwha6csxbiM1A==
  /globby/7.1.1:
    dependencies:
      array-union: 1.0.2
      dir-glob: 2.2.2
      glob: 7.1.4
      ignore: 3.3.10
      pify: 3.0.0
      slash: 1.0.0
    dev: false
    engines:
      node: '>=4'
    resolution:
      integrity: sha1-+yzP+UAfhgCUXfral0QMypcrhoA=
  /graceful-fs/4.1.15:
    dev: false
    resolution:
      integrity: sha512-6uHUhOPEBgQ24HM+r6b/QwWfZq+yiFcipKFrOFiBEnWdy5sdzYoi+pJeQaPI5qOLRFqWmAXUPQNsielzdLoecA==
  /iferr/0.1.5:
    dev: false
    resolution:
      integrity: sha1-xg7taebY/bazEEofy8ocGS3FtQE=
  /ignore/3.3.10:
    dev: false
    resolution:
      integrity: sha512-Pgs951kaMm5GXP7MOvxERINe3gsaVjUWFm+UZPSq9xYriQAksyhg0csnS0KXSNRD5NmNdapXEpjxG49+AKh/ug==
  /imurmurhash/0.1.4:
    dev: false
    engines:
      node: '>=0.8.19'
    resolution:
      integrity: sha1-khi5srkoojixPcT7a21XbyMUU+o=
  /inflight/1.0.6:
    dependencies:
      once: 1.4.0
      wrappy: 1.0.2
    dev: false
    resolution:
      integrity: sha1-Sb1jMdfQLQwJvJEKEHW6gWW1bfk=
  /inherits/2.0.3:
    dev: false
    resolution:
      integrity: sha1-Yzwsg+PaQqUC9SRmAiSA9CCCYd4=
  /is-extglob/2.1.1:
    dev: false
    engines:
      node: '>=0.10.0'
    resolution:
      integrity: sha1-qIwCU1eR8C7TfHahueqXc8gz+MI=
  /is-glob/3.1.0:
    dependencies:
      is-extglob: 2.1.1
    dev: false
    engines:
      node: '>=0.10.0'
    resolution:
      integrity: sha1-e6WuJCF4BKxwcHuWkiVnSGzD6Eo=
  /is-glob/4.0.1:
    dependencies:
      is-extglob: 2.1.1
    dev: false
    engines:
      node: '>=0.10.0'
    resolution:
      integrity: sha512-5G0tKtBTFImOqDnLB2hG6Bp2qcKEFduo4tZu9MT/H6NQv/ghhy30o55ufafxJ/LdH79LLs2Kfrn85TLKyA7BUg==
  /isarray/1.0.0:
    dev: false
    resolution:
      integrity: sha1-u5NdSFgsuhaMBoNJV6VKPgcSTxE=
  /json-schema-traverse/0.4.1:
    dev: false
    resolution:
      integrity: sha512-xbbCH5dCYU5T8LcEhhuh7HJ88HXuW3qsI3Y0zOZFKfZEHcpWiHU/Jxzk629Brsab/mMiHQti9wMP+845RPe3Vg==
  /json5/1.0.1:
    dependencies:
      minimist: 1.2.0
    dev: false
    hasBin: true
    resolution:
      integrity: sha512-aKS4WQjPenRxiQsC93MNfjx+nbF4PAdYzmd/1JIj8HYzqfbu86beTuNgXDzPknWk0n0uARlyewZo4s++ES36Ow==
  /loader-utils/1.2.3:
    dependencies:
      big.js: 5.2.2
      emojis-list: 2.1.0
      json5: 1.0.1
    dev: false
    engines:
      node: '>=4.0.0'
    resolution:
      integrity: sha512-fkpz8ejdnEMG3s37wGL07iSBDg99O9D5yflE9RGNH3hRdx9SOwYfnGYdZOUIZitN8E+E2vkq3MUMYMvPYl5ZZA==
  /locate-path/3.0.0:
    dependencies:
      p-locate: 3.0.0
      path-exists: 3.0.0
    dev: false
    engines:
      node: '>=6'
    resolution:
      integrity: sha512-7AO748wWnIhNqAuaty2ZWHkQHRSNfPVIsPIfwEOWO22AmaoVrWavlOcMR5nzTLNYvp36X220/maaRsrec1G65A==
  /lru-cache/5.1.1:
    dependencies:
      yallist: 3.0.3
    dev: false
    resolution:
      integrity: sha512-KpNARQA3Iwv+jTA0utUVVbrh+Jlrr1Fv0e56GGzAFOXN7dk/FviaDW8LHmK52DlcH4WP2n6gI8vN1aesBFgo9w==
  /make-dir/2.1.0:
    dependencies:
      pify: 4.0.1
      semver: 5.7.0
    dev: false
    engines:
      node: '>=6'
    resolution:
      integrity: sha512-LS9X+dc8KLxXCb8dni79fLIIUA5VyZoyjSMCwTluaXA0o27cCK0bhXkpgw+sTXVpPy/lSO57ilRixqk0vDmtRA==
  /minimatch/3.0.4:
    dependencies:
      brace-expansion: 1.1.11
    dev: false
    resolution:
      integrity: sha512-yJHVQEhyqPLUTgt9B83PXu6W3rx4MvvHvSUvToogpwoGDOUQ+yDrR0HRot+yOCdCO7u4hX3pWft6kWBBcqh0UA==
  /minimist/0.0.8:
    dev: false
    resolution:
      integrity: sha1-hX/Kv8M5fSYluCKCYuhqp6ARsF0=
  /minimist/1.2.0:
    dev: false
    resolution:
      integrity: sha1-o1AIsg9BOD7sH7kU9M1d95omQoQ=
  /mississippi/3.0.0:
    dependencies:
      concat-stream: 1.6.2
      duplexify: 3.7.1
      end-of-stream: 1.4.1
      flush-write-stream: 1.1.1
      from2: 2.3.0
      parallel-transform: 1.1.0
      pump: 3.0.0
      pumpify: 1.5.1
      stream-each: 1.2.3
      through2: 2.0.5
    dev: false
    engines:
      node: '>=4.0.0'
    resolution:
      integrity: sha512-x471SsVjUtBRtcvd4BzKE9kFC+/2TeWgKCgw0bZcw1b9l2X3QX5vCWgF+KaZaYm87Ss//rHnWryupDrgLvmSkA==
  /mkdirp/0.5.1:
    dependencies:
      minimist: 0.0.8
    dev: false
    hasBin: true
    resolution:
      integrity: sha1-MAV0OOrGz3+MR2fzhkjWaX11yQM=
  /move-concurrently/1.0.1:
    dependencies:
      aproba: 1.2.0
      copy-concurrently: 1.0.5
      fs-write-stream-atomic: 1.0.10
      mkdirp: 0.5.1
      rimraf: 2.6.3
      run-queue: 1.0.3
    dev: false
    resolution:
      integrity: sha1-viwAX9oy4LKa8fBdfEszIUxwH5I=
  /normalize-path/3.0.0:
    dev: false
    engines:
      node: '>=0.10.0'
    resolution:
      integrity: sha512-6eZs5Ls3WtCisHWp9S2GUy8dqkpGi4BVSz3GaqiE6ezub0512ESztXUwUB6C6IKbQkY2Pnb/mD4WYojCRwcwLA==
  /once/1.4.0:
    dependencies:
      wrappy: 1.0.2
    dev: false
    resolution:
      integrity: sha1-WDsap3WWHUsROsF9nFC6753Xa9E=
  /p-limit/2.2.0:
    dependencies:
      p-try: 2.2.0
    dev: false
    engines:
      node: '>=6'
    resolution:
      integrity: sha512-pZbTJpoUsCzV48Mc9Nh51VbwO0X9cuPFE8gYwx9BTCt9SF8/b7Zljd2fVgOxhIF/HDTKgpVzs+GPhyKfjLLFRQ==
  /p-locate/3.0.0:
    dependencies:
      p-limit: 2.2.0
    dev: false
    engines:
      node: '>=6'
    resolution:
      integrity: sha512-x+12w/To+4GFfgJhBEpiDcLozRJGegY+Ei7/z0tSLkMmxGZNybVMSfWj9aJn8Z5Fc7dBUNJOOVgPv2H7IwulSQ==
  /p-try/2.2.0:
    dev: false
    engines:
      node: '>=6'
    resolution:
      integrity: sha512-R4nPAVTAU0B9D35/Gk3uJf/7XYbQcyohSKdvAxIRSNghFl4e71hVoGnBNQz9cWaXxO2I10KTC+3jMdvvoKw6dQ==
  /parallel-transform/1.1.0:
    dependencies:
      cyclist: 0.2.2
      inherits: 2.0.3
      readable-stream: 2.3.6
    dev: false
    resolution:
      integrity: sha1-1BDwZbBdojCB/NEPKIVMKb2jOwY=
  /path-dirname/1.0.2:
    dev: false
    resolution:
      integrity: sha1-zDPSTVJeCZpTiMAzbG4yuRYGCeA=
  /path-exists/3.0.0:
    dev: false
    engines:
      node: '>=4'
    resolution:
      integrity: sha1-zg6+ql94yxiSXqfYENe1mwEP1RU=
  /path-is-absolute/1.0.1:
    dev: false
    engines:
      node: '>=0.10.0'
    resolution:
      integrity: sha1-F0uSaHNVNP+8es5r9TpanhtcX18=
  /path-type/3.0.0:
    dependencies:
      pify: 3.0.0
    dev: false
    engines:
      node: '>=4'
    resolution:
      integrity: sha512-T2ZUsdZFHgA3u4e5PfPbjd7HDDpxPnQb5jN0SrDsjNSuVXHJqtwTnWqG0B1jZrgmJ/7lj1EmVIByWt1gxGkWvg==
  /pify/3.0.0:
    dev: false
    engines:
      node: '>=4'
    resolution:
      integrity: sha1-5aSs0sEB/fPZpNB/DbxNtJ3SgXY=
  /pify/4.0.1:
    dev: false
    engines:
      node: '>=6'
    resolution:
      integrity: sha512-uB80kBFb/tfd68bVleG9T5GGsGPjJrLAUpR5PZIrhBnIaRTQRjqdJSsIKkOP6OAIFbj7GOrcudc5pNjZ+geV2g==
  /pkg-dir/3.0.0:
    dependencies:
      find-up: 3.0.0
    dev: false
    engines:
      node: '>=6'
    resolution:
      integrity: sha512-/E57AYkoeQ25qkxMj5PBOVgF8Kiu/h7cYS30Z5+R7WaiCCBfLq58ZI/dSeaEKb9WVJV5n/03QwrN3IeWIFllvw==
  /process-nextick-args/2.0.0:
    dev: false
    resolution:
      integrity: sha512-MtEC1TqN0EU5nephaJ4rAtThHtC86dNN9qCuEhtshvpVBkAW5ZO7BASN9REnF9eoXGcRub+pFuKEpOHE+HbEMw==
  /promise-inflight/1.0.1:
    dev: false
    resolution:
      integrity: sha1-mEcocL8igTL8vdhoEputEsPAKeM=
  /pump/2.0.1:
    dependencies:
      end-of-stream: 1.4.1
      once: 1.4.0
    dev: false
    resolution:
      integrity: sha512-ruPMNRkN3MHP1cWJc9OWr+T/xDP0jhXYCLfJcBuX54hhfIBnaQmAUMfDcG4DM5UMWByBbJY69QSphm3jtDKIkA==
  /pump/3.0.0:
    dependencies:
      end-of-stream: 1.4.1
      once: 1.4.0
    dev: false
    resolution:
      integrity: sha512-LwZy+p3SFs1Pytd/jYct4wpv49HiYCqd9Rlc5ZVdk0V+8Yzv6jR5Blk3TRmPL1ft69TxP0IMZGJ+WPFU2BFhww==
  /pumpify/1.5.1:
    dependencies:
      duplexify: 3.7.1
      inherits: 2.0.3
      pump: 2.0.1
    dev: false
    resolution:
      integrity: sha512-oClZI37HvuUJJxSKKrC17bZ9Cu0ZYhEAGPsPUy9KlMUmv9dKX2o77RUmq7f3XjIxbwyGwYzbzQ1L2Ks8sIradQ==
  /punycode/2.1.1:
    dev: false
    engines:
      node: '>=6'
    resolution:
      integrity: sha512-XRsRjdf+j5ml+y/6GKHPZbrF/8p2Yga0JPtdqTIY2Xe5ohJPD9saDJJLPvp9+NSBprVvevdXZybnj2cv8OEd0A==
  /readable-stream/2.3.6:
    dependencies:
      core-util-is: 1.0.2
      inherits: 2.0.3
      isarray: 1.0.0
      process-nextick-args: 2.0.0
      safe-buffer: 5.1.2
      string_decoder: 1.1.1
      util-deprecate: 1.0.2
    dev: false
    resolution:
      integrity: sha512-tQtKA9WIAhBF3+VLAseyMqZeBjW0AHJoxOtYqSUZNJxauErmLbVm2FW1y+J/YA9dUrAC39ITejlZWhVIwawkKw==
  /rimraf/2.6.3:
    dependencies:
      glob: 7.1.4
    dev: false
    hasBin: true
    resolution:
      integrity: sha512-mwqeW5XsA2qAejG46gYdENaxXjx9onRNCfn7L0duuP4hCuTIi/QO7PDK07KJfp1d+izWPrzEJDcSqBa0OZQriA==
  /run-queue/1.0.3:
    dependencies:
      aproba: 1.2.0
    dev: false
    resolution:
      integrity: sha1-6Eg5bwV9Ij8kOGkkYY4laUFh7Ec=
  /safe-buffer/5.1.2:
    dev: false
    resolution:
      integrity: sha512-Gd2UZBJDkXlY7GbJxfsE8/nvKkUEU1G38c1siN6QP6a9PT9MmHB8GnpscSmMJSoF8LOIrt8ud/wPtojys4G6+g==
  /schema-utils/1.0.0:
    dependencies:
      ajv: 6.10.0
      ajv-errors: 1.0.1_ajv@6.10.0
      ajv-keywords: 3.4.0_ajv@6.10.0
    dev: false
    engines:
      node: '>= 4'
    resolution:
      integrity: sha512-i27Mic4KovM/lnGsy8whRCHhc7VicJajAjTrYg11K9zfZXnYIt4k5F+kZkwjnrhKzLic/HLU4j11mjsz2G/75g==
  /semver/5.7.0:
    dev: false
    hasBin: true
    resolution:
      integrity: sha512-Ya52jSX2u7QKghxeoFGpLwCtGlt7j0oY9DYb5apt9nPlJ42ID+ulTXESnt/qAQcoSERyZ5sl3LDIOw0nAn/5DA==
  /serialize-javascript/1.7.0:
    dev: false
    resolution:
      integrity: sha512-ke8UG8ulpFOxO8f8gRYabHQe/ZntKlcig2Mp+8+URDP1D8vJZ0KUt7LYo07q25Z/+JVSgpr/cui9PIp5H6/+nA==
  /slash/1.0.0:
    dev: false
    engines:
      node: '>=0.10.0'
    resolution:
      integrity: sha1-xB8vbDn8FtHNF61LXYlhFK5HDVU=
  /ssri/6.0.1:
    dependencies:
      figgy-pudding: 3.5.1
    dev: false
    resolution:
      integrity: sha512-3Wge10hNcT1Kur4PDFwEieXSCMCJs/7WvSACcrMYrNp+b8kDL1/0wJch5Ni2WrtwEa2IO8OsVfeKIciKCDx/QA==
  /stream-each/1.2.3:
    dependencies:
      end-of-stream: 1.4.1
      stream-shift: 1.0.0
    dev: false
    resolution:
      integrity: sha512-vlMC2f8I2u/bZGqkdfLQW/13Zihpej/7PmSiMQsbYddxuTsJp8vRe2x2FvVExZg7FaOds43ROAuFJwPR4MTZLw==
  /stream-shift/1.0.0:
    dev: false
    resolution:
      integrity: sha1-1cdSgl5TZ+eG944Y5EXqIjoVWVI=
  /string_decoder/1.1.1:
    dependencies:
      safe-buffer: 5.1.2
    dev: false
    resolution:
      integrity: sha512-n/ShnvDi6FHbbVfviro+WojiFzv+s8MPMHBczVePfUpDJLwoLT0ht1l4YwBCbi8pJAveEEdnkHyPyTP/mzRfwg==
  /through2/2.0.5:
    dependencies:
      readable-stream: 2.3.6
      xtend: 4.0.1
    dev: false
    resolution:
      integrity: sha512-/mrRod8xqpA+IHSLyGCQ2s8SPHiCDEeQJSep1jqLYeEUClOFG2Qsh+4FU6G9VeqpZnGW/Su8LQGc4YKni5rYSQ==
  /typedarray/0.0.6:
    dev: false
    resolution:
      integrity: sha1-hnrHTjhkGHsdPUfZlqeOxciDB3c=
  /unique-filename/1.1.1:
    dependencies:
      unique-slug: 2.0.1
    dev: false
    resolution:
      integrity: sha512-Vmp0jIp2ln35UTXuryvjzkjGdRyf9b2lTXuSYUiPmzRcl3FDtYqAwOnTJkAngD9SWhnoJzDbTKwaOrZ+STtxNQ==
  /unique-slug/2.0.1:
    dependencies:
      imurmurhash: 0.1.4
    dev: false
    resolution:
      integrity: sha512-n9cU6+gITaVu7VGj1Z8feKMmfAjEAQGhwD9fE3zvpRRa0wEIx8ODYkVGfSc94M2OX00tUFV8wH3zYbm1I8mxFg==
  /uri-js/4.2.2:
    dependencies:
      punycode: 2.1.1
    dev: false
    resolution:
      integrity: sha512-KY9Frmirql91X2Qgjry0Wd4Y+YTdrdZheS8TFwvkbLWf/G5KNJDCh6pKL5OZctEW4+0Baa5idK2ZQuELRwPznQ==
  /util-deprecate/1.0.2:
    dev: false
    resolution:
      integrity: sha1-RQ1Nyfpw3nMnYvvS1KKJgUGaDM8=
  /uuid/3.3.2:
    dev: false
    hasBin: true
    resolution:
      integrity: sha512-yXJmeNaw3DnnKAOKJE51sL/ZaYfWJRl1pK9dr19YFCu0ObS231AB1/LbqTKRAQ5kw8A90rA6fr4riOUpTZvQZA==
  /webpack-log/2.0.0:
    dependencies:
      ansi-colors: 3.2.4
      uuid: 3.3.2
    dev: false
    engines:
      node: '>= 6'
    resolution:
      integrity: sha512-cX8G2vR/85UYG59FgkoMamwHUIkSSlV3bBMRsbxVXVUk2j6NleCKjQ/WE9eYg9WY4w25O9w8wKP4rzNZFmUcUg==
  /wrappy/1.0.2:
    dev: false
    resolution:
      integrity: sha1-tSQ9jz7BqjXxNkYFvA0QNuMKtp8=
  /xtend/4.0.1:
    dev: false
    engines:
      node: '>=0.4'
    resolution:
      integrity: sha1-pcbVMr5lbiPbgg77lDofBJmNY68=
  /y18n/4.0.0:
    dev: false
    resolution:
      integrity: sha512-r9S/ZyXu/Xu9q1tYlpsLIsa3EeLXXk0VwlxqTcFRfg9EhMW+17kbt9G0NrgCmhGb5vT2hyhJZLfDGx+7+5Uj/w==
  /yallist/3.0.3:
    dev: false
    resolution:
      integrity: sha512-S+Zk8DEWE6oKpV+vI3qWkaK+jSbIK86pCwe2IF/xwIpQ8jEuxpw9NyaGjmp9+BoJv5FV2piqCDcoCtStppiq2A==
specifiers:
  copy-webpack-plugin: ^5.0.3
